{
  "version": 4,
  "terraform_version": "1.5.7",
  "serial": 57,
  "lineage": "6bfe19d0-1242-da9f-c2ff-e83c9f02ce55",
  "outputs": {},
  "resources": [
    {
      "mode": "managed",
      "type": "google_bigquery_table",
      "name": "example_table",
      "provider": "provider[\"registry.terraform.io/hashicorp/google\"]",
      "instances": [
        {
          "schema_version": 0,
          "attributes": {
            "biglake_configuration": [],
            "clustering": null,
            "creation_time": 1728634414657,
            "dataset_id": "analytics_dataset",
            "deletion_protection": true,
            "description": "",
            "effective_labels": {
              "goog-terraform-provisioned": "true"
            },
            "encryption_configuration": [],
            "etag": "7e20UiLjvSG/TKcoKWA8NQ==",
            "expiration_time": 0,
            "external_data_configuration": [],
            "friendly_name": "",
            "id": "projects/latam-devsecops/datasets/analytics_dataset/tables/example_table",
            "labels": {},
            "last_modified_time": 1728634414727,
            "location": "US",
            "materialized_view": [],
            "max_staleness": "",
            "num_bytes": 0,
            "num_long_term_bytes": 0,
            "num_rows": 0,
            "project": "latam-devsecops",
            "range_partitioning": [],
            "require_partition_filter": false,
            "resource_tags": {},
            "schema": "[{\"mode\":\"REQUIRED\",\"name\":\"id\",\"type\":\"INTEGER\"},{\"mode\":\"NULLABLE\",\"name\":\"name\",\"type\":\"STRING\"}]",
            "self_link": "https://bigquery.googleapis.com/bigquery/v2/projects/latam-devsecops/datasets/analytics_dataset/tables/example_table",
            "table_constraints": [],
            "table_id": "example_table",
            "table_replication_info": [],
            "terraform_labels": {
              "goog-terraform-provisioned": "true"
            },
            "time_partitioning": [],
            "type": "TABLE",
            "view": []
          },
          "sensitive_attributes": [],
          "private": "bnVsbA==",
          "dependencies": [
            "google_bigquery_dataset.analytics_dataset"
          ]
        }
      ]
    }
  ],
  "check_results": null
}
